
Microsoft Visual Studio Solution File, Format Version 12.00
# Visual Studio Version 16
VisualStudioVersion = 16.0.30717.126
MinimumVisualStudioVersion = 10.0.40219.1
Project("{FAE04EC0-301F-11D3-BF4B-00C04F79EFBC}") = "PeopleManagement", "PeopleManagement.csproj", "{5869155C-B196-4727-BAD7-528489D562D8}"
EndProject
Project("{FAE04EC0-301F-11D3-BF4B-00C04F79EFBC}") = "PeopleManagement.Model", "..\PeopleManagement.Model\PeopleManagement.Model.csproj", "{046194E3-1947-4651-86EB-1596FB06522E}"
EndProject
Project("{FAE04EC0-301F-11D3-BF4B-00C04F79EFBC}") = "PeopleManagement.Data", "..\PeopleManagement.Data\PeopleManagement.Data.csproj", "{BC9C17B6-5122-46AC-9263-C17ABE3C36AE}"
EndProject
Project("{FAE04EC0-301F-11D3-BF4B-00C04F79EFBC}") = "PeopleManagement.Service", "..\PeopleManagement.Service\PeopleManagement.Service.csproj", "{1FD827D9-5FC2-4985-8129-18397BDD5221}"
EndProject
Global
	GlobalSection(SolutionConfigurationPlatforms) = preSolution
		Debug|Any CPU = Debug|Any CPU
		Release|Any CPU = Release|Any CPU
	EndGlobalSection
	GlobalSection(ProjectConfigurationPlatforms) = postSolution
		{5869155C-B196-4727-BAD7-528489D562D8}.Debug|Any CPU.ActiveCfg = Debug|Any CPU
		{5869155C-B196-4727-BAD7-528489D562D8}.Debug|Any CPU.Build.0 = Debug|Any CPU
		{5869155C-B196-4727-BAD7-528489D562D8}.Release|Any CPU.ActiveCfg = Release|Any CPU
		{5869155C-B196-4727-BAD7-528489D562D8}.Release|Any CPU.Build.0 = Release|Any CPU
		{046194E3-1947-4651-86EB-1596FB06522E}.Debug|Any CPU.ActiveCfg = Debug|Any CPU
		{046194E3-1947-4651-86EB-1596FB06522E}.Debug|Any CPU.Build.0 = Debug|Any CPU
		{046194E3-1947-4651-86EB-1596FB06522E}.Release|Any CPU.ActiveCfg = Release|Any CPU
		{046194E3-1947-4651-86EB-1596FB06522E}.Release|Any CPU.Build.0 = Release|Any CPU
		{BC9C17B6-5122-46AC-9263-C17ABE3C36AE}.Debug|Any CPU.ActiveCfg = Debug|Any CPU
		{BC9C17B6-5122-46AC-9263-C17ABE3C36AE}.Debug|Any CPU.Build.0 = Debug|Any CPU
		{BC9C17B6-5122-46AC-9263-C17ABE3C36AE}.Release|Any CPU.ActiveCfg = Release|Any CPU
		{BC9C17B6-5122-46AC-9263-C17ABE3C36AE}.Release|Any CPU.Build.0 = Release|Any CPU
		{1FD827D9-5FC2-4985-8129-18397BDD5221}.Debug|Any CPU.ActiveCfg = Debug|Any CPU
		{1FD827D9-5FC2-4985-8129-18397BDD5221}.Debug|Any CPU.Build.0 = Debug|Any CPU
		{1FD827D9-5FC2-4985-8129-18397BDD5221}.Release|Any CPU.ActiveCfg = Release|Any CPU
		{1FD827D9-5FC2-4985-8129-18397BDD5221}.Release|Any CPU.Build.0 = Release|Any CPU
	EndGlobalSection
	GlobalSection(SolutionProperties) = preSolution
		HideSolutionNode = FALSE
	EndGlobalSection
	GlobalSection(ExtensibilityGlobals) = postSolution
		SolutionGuid = {1465E24C-1C36-46A1-B205-0E6F7C22D65E}
	EndGlobalSection
EndGlobal
